dependencies:
  M5GFX:
    component_hash: 80c36ec3747becaac9c8e62e4533525f8d5620a52fbf5585393c1a2429157d51
    source:
      git: https://github.com/m5stack/M5GFX.git
      path: .
      type: git
    version: a94e9f2e97b79b6a59b23d6a739e2f6a2e71d538
  M5Unified:
    component_hash: 59a059443571fca8b1df9eca6eb23c3bc2f4cd81b6c9322f8ee34ebf4df14664
    source:
      git: https://github.com/m5stack/M5Unified.git
      path: .
      type: git
    version: fd8d770ad53d5cd3f0e50be08fb626c0bce00af3
  idf:
    component_hash: null
    source:
      type: idf
    version: 5.1.1
manifest_hash: f99a4e010325d6c1b3c0f14b67c1dd0c13394d38263214d8c7fd930adc870fc4
target: esp32s3
version: 1.0.0
